
Microsoft Visual Studio Solution File, Format Version 12.00
# Visual Studio Version 16
VisualStudioVersion = 16.0.33423.256
MinimumVisualStudioVersion = 10.0.40219.1
Project("{FAE04EC0-301F-11D3-BF4B-00C04F79EFBC}") = "SalesWebMVC", "SalesWebMVC\SalesWebMVC.csproj", "{387EBD5F-759D-46F8-A114-C709E01E8E71}"
EndProject
Global
	GlobalSection(SolutionConfigurationPlatforms) = preSolution
		Debug|Any CPU = Debug|Any CPU
		Release|Any CPU = Release|Any CPU
	EndGlobalSection
	GlobalSection(ProjectConfigurationPlatforms) = postSolution
		{387EBD5F-759D-46F8-A114-C709E01E8E71}.Debug|Any CPU.ActiveCfg = Debug|Any CPU
		{387EBD5F-759D-46F8-A114-C709E01E8E71}.Debug|Any CPU.Build.0 = Debug|Any CPU
		{387EBD5F-759D-46F8-A114-C709E01E8E71}.Release|Any CPU.ActiveCfg = Release|Any CPU
		{387EBD5F-759D-46F8-A114-C709E01E8E71}.Release|Any CPU.Build.0 = Release|Any CPU
	EndGlobalSection
	GlobalSection(SolutionProperties) = preSolution
		HideSolutionNode = FALSE
	EndGlobalSection
	GlobalSection(ExtensibilityGlobals) = postSolution
		SolutionGuid = {ADEB04B7-4CDF-45E7-8750-A56D88B6B2AE}
	EndGlobalSection
EndGlobal
